
Microsoft Visual Studio Solution File, Format Version 12.00
# Visual Studio Version 16
VisualStudioVersion = 16.0.28917.181
MinimumVisualStudioVersion = 10.0.40219.1
Project("{FAE04EC0-301F-11D3-BF4B-00C04F79EFBC}") = "Work_01", "Work_01\Work_01.csproj", "{851EA80E-0840-47C3-8811-AD490523ECB8}"
EndProject
Project("{FAE04EC0-301F-11D3-BF4B-00C04F79EFBC}") = "Work_02", "Work_02\Work_02.csproj", "{0DD567CF-279F-4EFE-9160-02D5E4B28554}"
EndProject
Global
	GlobalSection(SolutionConfigurationPlatforms) = preSolution
		Debug|Any CPU = Debug|Any CPU
		Release|Any CPU = Release|Any CPU
	EndGlobalSection
	GlobalSection(ProjectConfigurationPlatforms) = postSolution
		{851EA80E-0840-47C3-8811-AD490523ECB8}.Debug|Any CPU.ActiveCfg = Debug|Any CPU
		{851EA80E-0840-47C3-8811-AD490523ECB8}.Debug|Any CPU.Build.0 = Debug|Any CPU
		{851EA80E-0840-47C3-8811-AD490523ECB8}.Release|Any CPU.ActiveCfg = Release|Any CPU
		{851EA80E-0840-47C3-8811-AD490523ECB8}.Release|Any CPU.Build.0 = Release|Any CPU
		{0DD567CF-279F-4EFE-9160-02D5E4B28554}.Debug|Any CPU.ActiveCfg = Debug|Any CPU
		{0DD567CF-279F-4EFE-9160-02D5E4B28554}.Debug|Any CPU.Build.0 = Debug|Any CPU
		{0DD567CF-279F-4EFE-9160-02D5E4B28554}.Release|Any CPU.ActiveCfg = Release|Any CPU
		{0DD567CF-279F-4EFE-9160-02D5E4B28554}.Release|Any CPU.Build.0 = Release|Any CPU
	EndGlobalSection
	GlobalSection(SolutionProperties) = preSolution
		HideSolutionNode = FALSE
	EndGlobalSection
	GlobalSection(ExtensibilityGlobals) = postSolution
		SolutionGuid = {D54E2DB0-6DB1-40E5-8AA6-7A653AAA8C03}
	EndGlobalSection
EndGlobal
