
Microsoft Visual Studio Solution File, Format Version 12.00
# Visual Studio 15
VisualStudioVersion = 15.0.28307.572
MinimumVisualStudioVersion = 10.0.40219.1
Project("{FAE04EC0-301F-11D3-BF4B-00C04F79EFBC}") = "Work_01", "Work_01\Work_01.csproj", "{D1A38C06-0B40-4539-AD96-16793B85EB4E}"
EndProject
Project("{FAE04EC0-301F-11D3-BF4B-00C04F79EFBC}") = "Work_02", "Work_02\Work_02.csproj", "{2E4A556A-F756-457A-AC9F-DDEFD8A0445F}"
EndProject
Project("{FAE04EC0-301F-11D3-BF4B-00C04F79EFBC}") = "Work_03", "Work_03\Work_03.csproj", "{7DF23E41-84D5-484D-A5D6-4F64D62B65C2}"
EndProject
Project("{FAE04EC0-301F-11D3-BF4B-00C04F79EFBC}") = "Work_04", "Work_04\Work_04.csproj", "{CF6985D9-F76A-49D3-9B8D-54D9689D4212}"
EndProject
Global
	GlobalSection(SolutionConfigurationPlatforms) = preSolution
		Debug|Any CPU = Debug|Any CPU
		Release|Any CPU = Release|Any CPU
	EndGlobalSection
	GlobalSection(ProjectConfigurationPlatforms) = postSolution
		{D1A38C06-0B40-4539-AD96-16793B85EB4E}.Debug|Any CPU.ActiveCfg = Debug|Any CPU
		{D1A38C06-0B40-4539-AD96-16793B85EB4E}.Debug|Any CPU.Build.0 = Debug|Any CPU
		{D1A38C06-0B40-4539-AD96-16793B85EB4E}.Release|Any CPU.ActiveCfg = Release|Any CPU
		{D1A38C06-0B40-4539-AD96-16793B85EB4E}.Release|Any CPU.Build.0 = Release|Any CPU
		{2E4A556A-F756-457A-AC9F-DDEFD8A0445F}.Debug|Any CPU.ActiveCfg = Debug|Any CPU
		{2E4A556A-F756-457A-AC9F-DDEFD8A0445F}.Debug|Any CPU.Build.0 = Debug|Any CPU
		{2E4A556A-F756-457A-AC9F-DDEFD8A0445F}.Release|Any CPU.ActiveCfg = Release|Any CPU
		{2E4A556A-F756-457A-AC9F-DDEFD8A0445F}.Release|Any CPU.Build.0 = Release|Any CPU
		{7DF23E41-84D5-484D-A5D6-4F64D62B65C2}.Debug|Any CPU.ActiveCfg = Debug|Any CPU
		{7DF23E41-84D5-484D-A5D6-4F64D62B65C2}.Debug|Any CPU.Build.0 = Debug|Any CPU
		{7DF23E41-84D5-484D-A5D6-4F64D62B65C2}.Release|Any CPU.ActiveCfg = Release|Any CPU
		{7DF23E41-84D5-484D-A5D6-4F64D62B65C2}.Release|Any CPU.Build.0 = Release|Any CPU
		{CF6985D9-F76A-49D3-9B8D-54D9689D4212}.Debug|Any CPU.ActiveCfg = Debug|Any CPU
		{CF6985D9-F76A-49D3-9B8D-54D9689D4212}.Debug|Any CPU.Build.0 = Debug|Any CPU
		{CF6985D9-F76A-49D3-9B8D-54D9689D4212}.Release|Any CPU.ActiveCfg = Release|Any CPU
		{CF6985D9-F76A-49D3-9B8D-54D9689D4212}.Release|Any CPU.Build.0 = Release|Any CPU
	EndGlobalSection
	GlobalSection(SolutionProperties) = preSolution
		HideSolutionNode = FALSE
	EndGlobalSection
	GlobalSection(ExtensibilityGlobals) = postSolution
		SolutionGuid = {3812738D-D0F9-4869-85E6-B610968DD442}
	EndGlobalSection
EndGlobal
