
Microsoft Visual Studio Solution File, Format Version 12.00
# Visual Studio Version 16
VisualStudioVersion = 16.0.29123.88
MinimumVisualStudioVersion = 10.0.40219.1
Project("{FAE04EC0-301F-11D3-BF4B-00C04F79EFBC}") = "Lesson_2", "Lesson_2\Lesson_2.csproj", "{29D09DD2-16B0-45AF-A3FA-158C1E58C527}"
EndProject
Global
	GlobalSection(SolutionConfigurationPlatforms) = preSolution
		Debug|Any CPU = Debug|Any CPU
		Release|Any CPU = Release|Any CPU
	EndGlobalSection
	GlobalSection(ProjectConfigurationPlatforms) = postSolution
		{29D09DD2-16B0-45AF-A3FA-158C1E58C527}.Debug|Any CPU.ActiveCfg = Debug|Any CPU
		{29D09DD2-16B0-45AF-A3FA-158C1E58C527}.Debug|Any CPU.Build.0 = Debug|Any CPU
		{29D09DD2-16B0-45AF-A3FA-158C1E58C527}.Release|Any CPU.ActiveCfg = Release|Any CPU
		{29D09DD2-16B0-45AF-A3FA-158C1E58C527}.Release|Any CPU.Build.0 = Release|Any CPU
	EndGlobalSection
	GlobalSection(SolutionProperties) = preSolution
		HideSolutionNode = FALSE
	EndGlobalSection
	GlobalSection(ExtensibilityGlobals) = postSolution
		SolutionGuid = {F243D950-8724-46A0-9930-D48F2BA42C8F}
	EndGlobalSection
EndGlobal
